<?xml version="1.0" encoding="utf-8"?>
<Project ToolsVersion="4.0" xmlns="http://schemas.microsoft.com/developer/msbuild/2003">
  <ItemGroup>
    <Filter Include="Source Files">
      <UniqueIdentifier>{4FC737F1-C7A5-4376-A066-2A32D752A2FF}</UniqueIdentifier>
      <Extensions>cpp;c;cc;cxx;def;odl;idl;hpj;bat;asm;asmx</Extensions>
    </Filter>
    <Filter Include="Resource Files">
      <UniqueIdentifier>{67DA6AB6-F800-4c08-8B7A-83BB121AAD01}</UniqueIdentifier>
      <Extensions>rc;ico;cur;bmp;dlg;rc2;rct;bin;rgs;gif;jpg;jpeg;jpe;resx;tiff;tif;png;wav;mfcribbon-ms</Extensions>
    </Filter>
    <Filter Include="Resource Files\Shaders">
      <UniqueIdentifier>{a4ca1c3e-a978-40e0-9e20-7c3546b7a7d5}</UniqueIdentifier>
    </Filter>
    <Filter Include="Source Files\Core">
      <UniqueIdentifier>{1c4057b8-62a1-4f91-8763-84b31b815a05}</UniqueIdentifier>
    </Filter>
    <Filter Include="Source Files\Rendering">
      <UniqueIdentifier>{919e52ee-887b-4814-85f4-fcc0200b2293}</UniqueIdentifier>
    </Filter>
    <Filter Include="Source Files\Rendering\Data">
      <UniqueIdentifier>{e15fa296-1869-4c1b-8479-fc55d88dc7a3}</UniqueIdentifier>
    </Filter>
    <Filter Include="Source Files\Core\Memory">
      <UniqueIdentifier>{67fdec04-b6e9-46e6-a115-27358c2c275b}</UniqueIdentifier>
    </Filter>
  </ItemGroup>
  <ItemGroup>
    <ClCompile Include="main.cpp">
      <Filter>Source Files</Filter>
    </ClCompile>
    <ClCompile Include="ShaderProgram.cpp">
      <Filter>Source Files\Rendering\Data</Filter>
    </ClCompile>
    <ClCompile Include="Model.cpp">
      <Filter>Source Files\Rendering\Data</Filter>
    </ClCompile>
    <ClCompile Include="GraphicsSystem.cpp">
      <Filter>Source Files\Rendering</Filter>
    </ClCompile>
    <ClCompile Include="RendererComponent.cpp">
      <Filter>Source Files\Rendering\Data</Filter>
    </ClCompile>
    <ClCompile Include="Material.cpp">
      <Filter>Source Files\Rendering</Filter>
    </ClCompile>
    <ClCompile Include="Component.cpp">
      <Filter>Source Files\Core</Filter>
    </ClCompile>
    <ClCompile Include="GameObject.cpp">
      <Filter>Source Files\Core</Filter>
    </ClCompile>
    <ClCompile Include="Transform.cpp">
      <Filter>Source Files\Core</Filter>
    </ClCompile>
    <ClCompile Include="A3DMemoryManager.cpp">
      <Filter>Source Files\Core\Memory</Filter>
    </ClCompile>
  </ItemGroup>
  <ItemGroup>
    <None Include="packages.config" />
    <None Include="Shaders\frag.glsl">
      <Filter>Resource Files\Shaders</Filter>
    </None>
    <None Include="Shaders\vertex.glsl">
      <Filter>Resource Files\Shaders</Filter>
    </None>
  </ItemGroup>
  <ItemGroup>
    <ClInclude Include="Logging.h">
      <Filter>Source Files\Core</Filter>
    </ClInclude>
    <ClInclude Include="ShaderProgram.h">
      <Filter>Source Files\Rendering\Data</Filter>
    </ClInclude>
    <ClInclude Include="VertexFormat.h">
      <Filter>Source Files\Rendering\Data</Filter>
    </ClInclude>
    <ClInclude Include="Model.h">
      <Filter>Source Files\Rendering\Data</Filter>
    </ClInclude>
    <ClInclude Include="GraphicsSystem.h">
      <Filter>Source Files\Rendering</Filter>
    </ClInclude>
    <ClInclude Include="RendererComponent.h">
      <Filter>Source Files\Rendering\Data</Filter>
    </ClInclude>
    <ClInclude Include="Material.h">
      <Filter>Source Files\Rendering</Filter>
    </ClInclude>
    <ClInclude Include="Component.h">
      <Filter>Source Files\Core</Filter>
    </ClInclude>
    <ClInclude Include="GameObject.h">
      <Filter>Source Files\Core</Filter>
    </ClInclude>
    <ClInclude Include="Transform.h">
      <Filter>Source Files\Core</Filter>
    </ClInclude>
    <ClInclude Include="MemoryUtils.h">
      <Filter>Source Files\Core\Memory</Filter>
    </ClInclude>
    <ClInclude Include="DynamicVector.h">
      <Filter>Source Files\Core\Memory</Filter>
    </ClInclude>
    <ClInclude Include="Iterator.h">
      <Filter>Source Files\Core\Memory</Filter>
    </ClInclude>
    <ClInclude Include="GeneralMacroUtils.h">
      <Filter>Source Files\Core</Filter>
    </ClInclude>
    <ClInclude Include="IntUtilities.h">
      <Filter>Source Files\Core\Memory</Filter>
    </ClInclude>
    <ClInclude Include="A3DMemoryManager.h">
      <Filter>Source Files\Core\Memory</Filter>
    </ClInclude>
    <ClInclude Include="MemHandle.h">
      <Filter>Source Files\Core\Memory</Filter>
    </ClInclude>
    <ClInclude Include="Allocator.h">
      <Filter>Source Files\Core\Memory</Filter>
    </ClInclude>
    <ClInclude Include="SizeTraits.h">
      <Filter>Source Files\Core\Memory</Filter>
    </ClInclude>
  </ItemGroup>
</Project>