<?xml version="1.0" encoding="utf-8"?>
<Project ToolsVersion="4.0" xmlns="http://schemas.microsoft.com/developer/msbuild/2003">
  <ItemGroup>
    <Filter Include="Source Files">
      <UniqueIdentifier>{4FC737F1-C7A5-4376-A066-2A32D752A2FF}</UniqueIdentifier>
      <Extensions>cpp;c;cc;cxx;def;odl;idl;hpj;bat;asm;asmx</Extensions>
    </Filter>
    <Filter Include="Resource Files">
      <UniqueIdentifier>{67DA6AB6-F800-4c08-8B7A-83BB121AAD01}</UniqueIdentifier>
      <Extensions>rc;ico;cur;bmp;dlg;rc2;rct;bin;rgs;gif;jpg;jpeg;jpe;resx;tiff;tif;png;wav;mfcribbon-ms</Extensions>
    </Filter>
    <Filter Include="Source Files\core">
      <UniqueIdentifier>{1c4057b8-62a1-4f91-8763-84b31b815a05}</UniqueIdentifier>
    </Filter>
    <Filter Include="Source Files\core\memory">
      <UniqueIdentifier>{67fdec04-b6e9-46e6-a115-27358c2c275b}</UniqueIdentifier>
    </Filter>
    <Filter Include="Source Files\core\utils">
      <UniqueIdentifier>{a144ec9f-f064-4dae-8e8e-2fe812ca3ecb}</UniqueIdentifier>
    </Filter>
    <Filter Include="Source Files\rendering">
      <UniqueIdentifier>{919e52ee-887b-4814-85f4-fcc0200b2293}</UniqueIdentifier>
    </Filter>
    <Filter Include="Source Files\rendering\data">
      <UniqueIdentifier>{e15fa296-1869-4c1b-8479-fc55d88dc7a3}</UniqueIdentifier>
    </Filter>
    <Filter Include="Source Files\main">
      <UniqueIdentifier>{2d7e2937-ab38-4419-9fb1-a63acdcc55b4}</UniqueIdentifier>
    </Filter>
    <Filter Include="Resource Files\shaders">
      <UniqueIdentifier>{a4ca1c3e-a978-40e0-9e20-7c3546b7a7d5}</UniqueIdentifier>
    </Filter>
  </ItemGroup>
  <ItemGroup>
    <None Include="packages.config" />
    <None Include="Shaders\frag.glsl">
      <Filter>Resource Files\shaders</Filter>
    </None>
    <None Include="Shaders\vertex.glsl">
      <Filter>Resource Files\shaders</Filter>
    </None>
  </ItemGroup>
  <ItemGroup>
    <ClCompile Include="core\memory\A3DMemoryManager.cpp">
      <Filter>Source Files\core\memory</Filter>
    </ClCompile>
    <ClCompile Include="core\Component.cpp">
      <Filter>Source Files\core</Filter>
    </ClCompile>
    <ClCompile Include="core\GameObject.cpp">
      <Filter>Source Files\core</Filter>
    </ClCompile>
    <ClCompile Include="core\Transform.cpp">
      <Filter>Source Files\core</Filter>
    </ClCompile>
    <ClCompile Include="rendering\GraphicsSystem.cpp">
      <Filter>Source Files\rendering</Filter>
    </ClCompile>
    <ClCompile Include="rendering\Material.cpp">
      <Filter>Source Files\rendering</Filter>
    </ClCompile>
    <ClCompile Include="rendering\data\Model.cpp">
      <Filter>Source Files\rendering\data</Filter>
    </ClCompile>
    <ClCompile Include="rendering\data\RendererComponent.cpp">
      <Filter>Source Files\rendering\data</Filter>
    </ClCompile>
    <ClCompile Include="rendering\data\ShaderProgram.cpp">
      <Filter>Source Files\rendering\data</Filter>
    </ClCompile>
    <ClCompile Include="main\entry.cpp">
      <Filter>Source Files\main</Filter>
    </ClCompile>
  </ItemGroup>
  <ItemGroup>
    <ClInclude Include="core\memory\A3DMemoryManager.h">
      <Filter>Source Files\core\memory</Filter>
    </ClInclude>
    <ClInclude Include="core\memory\Allocator.h">
      <Filter>Source Files\core\memory</Filter>
    </ClInclude>
    <ClInclude Include="core\memory\DynamicVector.h">
      <Filter>Source Files\core\memory</Filter>
    </ClInclude>
    <ClInclude Include="core\memory\Iterator.h">
      <Filter>Source Files\core\memory</Filter>
    </ClInclude>
    <ClInclude Include="core\memory\MemHandle.h">
      <Filter>Source Files\core\memory</Filter>
    </ClInclude>
    <ClInclude Include="core\memory\SizeTraits.h">
      <Filter>Source Files\core\memory</Filter>
    </ClInclude>
    <ClInclude Include="core\utils\IntUtilities.h">
      <Filter>Source Files\core\utils</Filter>
    </ClInclude>
    <ClInclude Include="core\utils\MemoryUtils.h">
      <Filter>Source Files\core\utils</Filter>
    </ClInclude>
    <ClInclude Include="core\Component.h">
      <Filter>Source Files\core</Filter>
    </ClInclude>
    <ClInclude Include="core\GameObject.h">
      <Filter>Source Files\core</Filter>
    </ClInclude>
    <ClInclude Include="core\Logging.h">
      <Filter>Source Files\core</Filter>
    </ClInclude>
    <ClInclude Include="core\Transform.h">
      <Filter>Source Files\core</Filter>
    </ClInclude>
    <ClInclude Include="rendering\GraphicsSystem.h">
      <Filter>Source Files\rendering</Filter>
    </ClInclude>
    <ClInclude Include="rendering\Material.h">
      <Filter>Source Files\rendering</Filter>
    </ClInclude>
    <ClInclude Include="rendering\data\Model.h">
      <Filter>Source Files\rendering\data</Filter>
    </ClInclude>
    <ClInclude Include="rendering\data\RendererComponent.h">
      <Filter>Source Files\rendering\data</Filter>
    </ClInclude>
    <ClInclude Include="rendering\data\ShaderProgram.h">
      <Filter>Source Files\rendering\data</Filter>
    </ClInclude>
    <ClInclude Include="rendering\data\VertexFormat.h">
      <Filter>Source Files\rendering\data</Filter>
    </ClInclude>
    <ClInclude Include="core\utils\GeneralMacroUtils.h">
      <Filter>Source Files\core\utils</Filter>
    </ClInclude>
  </ItemGroup>
</Project>